
Microsoft Visual Studio Solution File, Format Version 12.00
# Visual Studio Version 17
VisualStudioVersion = 17.3.32825.248
MinimumVisualStudioVersion = 10.0.40219.1
Project("{8BC9CEB8-8B4A-11D0-8D11-00A0C91BC942}") = "26.29.2022", "26.29.2022\26.29.2022.vcxproj", "{B77E5A23-1215-411B-BD4A-BF821353AE75}"
EndProject
Global
	GlobalSection(SolutionConfigurationPlatforms) = preSolution
		Debug|x64 = Debug|x64
		Debug|x86 = Debug|x86
		Release|x64 = Release|x64
		Release|x86 = Release|x86
	EndGlobalSection
	GlobalSection(ProjectConfigurationPlatforms) = postSolution
		{B77E5A23-1215-411B-BD4A-BF821353AE75}.Debug|x64.ActiveCfg = Debug|x64
		{B77E5A23-1215-411B-BD4A-BF821353AE75}.Debug|x64.Build.0 = Debug|x64
		{B77E5A23-1215-411B-BD4A-BF821353AE75}.Debug|x86.ActiveCfg = Debug|Win32
		{B77E5A23-1215-411B-BD4A-BF821353AE75}.Debug|x86.Build.0 = Debug|Win32
		{B77E5A23-1215-411B-BD4A-BF821353AE75}.Release|x64.ActiveCfg = Release|x64
		{B77E5A23-1215-411B-BD4A-BF821353AE75}.Release|x64.Build.0 = Release|x64
		{B77E5A23-1215-411B-BD4A-BF821353AE75}.Release|x86.ActiveCfg = Release|Win32
		{B77E5A23-1215-411B-BD4A-BF821353AE75}.Release|x86.Build.0 = Release|Win32
	EndGlobalSection
	GlobalSection(SolutionProperties) = preSolution
		HideSolutionNode = FALSE
	EndGlobalSection
	GlobalSection(ExtensibilityGlobals) = postSolution
		SolutionGuid = {1C32C0EF-5004-415E-89ED-E8A8EBFA6964}
	EndGlobalSection
EndGlobal
